# This file was autogenerated by uv via the following command:
#    uv pip compile src/executors/tts/requirements.txt -o src/executors/tts/requirements.lock --python-platform linux --python-version 3.12
anyio==4.12.1
    # via httpx
certifi==2026.2.25
    # via
    #   httpcore
    #   httpx
h11==0.16.0
    # via httpcore
httpcore==1.0.9
    # via httpx
httpx==0.28.1
    # via -r src/executors/tts/requirements.txt
idna==3.11
    # via
    #   anyio
    #   httpx
pyttsx3==2.99
    # via -r src/executors/tts/requirements.txt
typing-extensions==4.15.0
    # via anyio
